
Microsoft Visual Studio Solution File, Format Version 12.00
# Visual Studio Version 16
VisualStudioVersion = 16.0.29215.179
MinimumVisualStudioVersion = 10.0.40219.1
Project("{9A19103F-16F7-4668-BE54-9A1E7A4F7556}") = "ChatRoom.API", "Services\ChatRoom\ChatRoom\ChatRoom.API.csproj", "{87143195-7AB5-4AE6-8880-97009F1E554F}"
EndProject
Project("{9A19103F-16F7-4668-BE54-9A1E7A4F7556}") = "ChatRoom.BLL", "Services\ChatRoom\ChatRoom.BLL\ChatRoom.BLL.csproj", "{D97CF6D2-D9E0-4DF7-9338-C1B38AF5BD72}"
EndProject
Project("{9A19103F-16F7-4668-BE54-9A1E7A4F7556}") = "ChatRoom.DAL", "Services\ChatRoom\ChatRoom.DAL\ChatRoom.DAL.csproj", "{65DBF1FE-9392-4F0C-B323-DBA9EC121370}"
EndProject
Project("{9A19103F-16F7-4668-BE54-9A1E7A4F7556}") = "ChatRoom.Core", "Services\ChatRoom\ChatRoom.Core\ChatRoom.Core.csproj", "{EF200DE1-473C-454A-929B-EB133D95467F}"
EndProject
Project("{2150E333-8FDC-42A3-9474-1A3956D46DE8}") = "BuildingBlocks", "BuildingBlocks", "{D327FBE7-F4C3-4759-8301-03B7DC129BA7}"
EndProject
Project("{2150E333-8FDC-42A3-9474-1A3956D46DE8}") = "Services", "Services", "{0F618033-E813-40B0-BAD5-42E4C4B60727}"
EndProject
Project("{2150E333-8FDC-42A3-9474-1A3956D46DE8}") = "ChatRoom", "ChatRoom", "{238D6227-0E2A-4485-927B-261AA41608EF}"
EndProject
Project("{2150E333-8FDC-42A3-9474-1A3956D46DE8}") = "EventBus", "EventBus", "{CA97FC41-F06A-4442-AA67-DFD6CAD8051A}"
EndProject
Project("{9A19103F-16F7-4668-BE54-9A1E7A4F7556}") = "EventBus.Core", "BuildingBlocks\EventBus\EventBus.Core\EventBus.Core.csproj", "{24C3C85D-2C02-4D52-9B3F-E8193C54370B}"
EndProject
Project("{9A19103F-16F7-4668-BE54-9A1E7A4F7556}") = "EventBus.RabbitMQ", "BuildingBlocks\EventBus\EventBus.RabbitMQ\EventBus.RabbitMQ.csproj", "{3146078F-9A3D-488D-8AB6-7BEDD3BB0700}"
EndProject
Project("{9A19103F-16F7-4668-BE54-9A1E7A4F7556}") = "EventBus.ServiceBus", "BuildingBlocks\EventBus\EventBus.ServiceBus\EventBus.ServiceBus.csproj", "{E60B4695-0D98-4011-9144-116724E37831}"
EndProject
Project("{2150E333-8FDC-42A3-9474-1A3956D46DE8}") = "OnlineStore", "OnlineStore", "{E25FE221-E037-48EB-8E3D-F9D68B84B703}"
EndProject
Project("{9A19103F-16F7-4668-BE54-9A1E7A4F7556}") = "OnlineStore.API", "Services\OnlineStore\OnlineStore.API\OnlineStore.API.csproj", "{531B6868-44F8-49CF-A146-B63350C4F412}"
EndProject
Project("{9A19103F-16F7-4668-BE54-9A1E7A4F7556}") = "OnlineStore.BLL", "Services\OnlineStore\OnlineStore.BLL\OnlineStore.BLL.csproj", "{93016C78-5133-49C3-8D5B-0C37E76C54FB}"
EndProject
Project("{9A19103F-16F7-4668-BE54-9A1E7A4F7556}") = "OnlineStore.Core", "Services\OnlineStore\OnlineStore.Core\OnlineStore.Core.csproj", "{53655149-EC91-4F8B-A5C8-2457533125BD}"
EndProject
Project("{9A19103F-16F7-4668-BE54-9A1E7A4F7556}") = "OnlineStore.DAL", "Services\OnlineStore\OnlineStore.DAL\OnlineStore.DAL.csproj", "{5A379E9E-4242-465C-8379-7DA38F9A6F4A}"
EndProject
Project("{9A19103F-16F7-4668-BE54-9A1E7A4F7556}") = "OnlineStore.Infrastructure", "Services\OnlineStore\OnlineStore.Infrastructure\OnlineStore.Infrastructure.csproj", "{5EEDFBF9-9C2A-4D75-BB1B-38ACAC260679}"
EndProject
Project("{9A19103F-16F7-4668-BE54-9A1E7A4F7556}") = "ChatRoom.Infrastructure", "Services\ChatRoom\ChatRoom.Infrastructure\ChatRoom.Infrastructure.csproj", "{5372E597-7231-4F13-B214-1BAC02A9EFE6}"
EndProject
Global
	GlobalSection(SolutionConfigurationPlatforms) = preSolution
		Debug|Any CPU = Debug|Any CPU
		Release|Any CPU = Release|Any CPU
	EndGlobalSection
	GlobalSection(ProjectConfigurationPlatforms) = postSolution
		{87143195-7AB5-4AE6-8880-97009F1E554F}.Debug|Any CPU.ActiveCfg = Debug|Any CPU
		{87143195-7AB5-4AE6-8880-97009F1E554F}.Debug|Any CPU.Build.0 = Debug|Any CPU
		{87143195-7AB5-4AE6-8880-97009F1E554F}.Release|Any CPU.ActiveCfg = Release|Any CPU
		{87143195-7AB5-4AE6-8880-97009F1E554F}.Release|Any CPU.Build.0 = Release|Any CPU
		{D97CF6D2-D9E0-4DF7-9338-C1B38AF5BD72}.Debug|Any CPU.ActiveCfg = Debug|Any CPU
		{D97CF6D2-D9E0-4DF7-9338-C1B38AF5BD72}.Debug|Any CPU.Build.0 = Debug|Any CPU
		{D97CF6D2-D9E0-4DF7-9338-C1B38AF5BD72}.Release|Any CPU.ActiveCfg = Release|Any CPU
		{D97CF6D2-D9E0-4DF7-9338-C1B38AF5BD72}.Release|Any CPU.Build.0 = Release|Any CPU
		{65DBF1FE-9392-4F0C-B323-DBA9EC121370}.Debug|Any CPU.ActiveCfg = Debug|Any CPU
		{65DBF1FE-9392-4F0C-B323-DBA9EC121370}.Debug|Any CPU.Build.0 = Debug|Any CPU
		{65DBF1FE-9392-4F0C-B323-DBA9EC121370}.Release|Any CPU.ActiveCfg = Release|Any CPU
		{65DBF1FE-9392-4F0C-B323-DBA9EC121370}.Release|Any CPU.Build.0 = Release|Any CPU
		{EF200DE1-473C-454A-929B-EB133D95467F}.Debug|Any CPU.ActiveCfg = Debug|Any CPU
		{EF200DE1-473C-454A-929B-EB133D95467F}.Debug|Any CPU.Build.0 = Debug|Any CPU
		{EF200DE1-473C-454A-929B-EB133D95467F}.Release|Any CPU.ActiveCfg = Release|Any CPU
		{EF200DE1-473C-454A-929B-EB133D95467F}.Release|Any CPU.Build.0 = Release|Any CPU
		{24C3C85D-2C02-4D52-9B3F-E8193C54370B}.Debug|Any CPU.ActiveCfg = Debug|Any CPU
		{24C3C85D-2C02-4D52-9B3F-E8193C54370B}.Debug|Any CPU.Build.0 = Debug|Any CPU
		{24C3C85D-2C02-4D52-9B3F-E8193C54370B}.Release|Any CPU.ActiveCfg = Release|Any CPU
		{24C3C85D-2C02-4D52-9B3F-E8193C54370B}.Release|Any CPU.Build.0 = Release|Any CPU
		{3146078F-9A3D-488D-8AB6-7BEDD3BB0700}.Debug|Any CPU.ActiveCfg = Debug|Any CPU
		{3146078F-9A3D-488D-8AB6-7BEDD3BB0700}.Debug|Any CPU.Build.0 = Debug|Any CPU
		{3146078F-9A3D-488D-8AB6-7BEDD3BB0700}.Release|Any CPU.ActiveCfg = Release|Any CPU
		{3146078F-9A3D-488D-8AB6-7BEDD3BB0700}.Release|Any CPU.Build.0 = Release|Any CPU
		{E60B4695-0D98-4011-9144-116724E37831}.Debug|Any CPU.ActiveCfg = Debug|Any CPU
		{E60B4695-0D98-4011-9144-116724E37831}.Debug|Any CPU.Build.0 = Debug|Any CPU
		{E60B4695-0D98-4011-9144-116724E37831}.Release|Any CPU.ActiveCfg = Release|Any CPU
		{E60B4695-0D98-4011-9144-116724E37831}.Release|Any CPU.Build.0 = Release|Any CPU
		{531B6868-44F8-49CF-A146-B63350C4F412}.Debug|Any CPU.ActiveCfg = Debug|Any CPU
		{531B6868-44F8-49CF-A146-B63350C4F412}.Debug|Any CPU.Build.0 = Debug|Any CPU
		{531B6868-44F8-49CF-A146-B63350C4F412}.Release|Any CPU.ActiveCfg = Release|Any CPU
		{531B6868-44F8-49CF-A146-B63350C4F412}.Release|Any CPU.Build.0 = Release|Any CPU
		{93016C78-5133-49C3-8D5B-0C37E76C54FB}.Debug|Any CPU.ActiveCfg = Debug|Any CPU
		{93016C78-5133-49C3-8D5B-0C37E76C54FB}.Debug|Any CPU.Build.0 = Debug|Any CPU
		{93016C78-5133-49C3-8D5B-0C37E76C54FB}.Release|Any CPU.ActiveCfg = Release|Any CPU
		{93016C78-5133-49C3-8D5B-0C37E76C54FB}.Release|Any CPU.Build.0 = Release|Any CPU
		{53655149-EC91-4F8B-A5C8-2457533125BD}.Debug|Any CPU.ActiveCfg = Debug|Any CPU
		{53655149-EC91-4F8B-A5C8-2457533125BD}.Debug|Any CPU.Build.0 = Debug|Any CPU
		{53655149-EC91-4F8B-A5C8-2457533125BD}.Release|Any CPU.ActiveCfg = Release|Any CPU
		{53655149-EC91-4F8B-A5C8-2457533125BD}.Release|Any CPU.Build.0 = Release|Any CPU
		{5A379E9E-4242-465C-8379-7DA38F9A6F4A}.Debug|Any CPU.ActiveCfg = Debug|Any CPU
		{5A379E9E-4242-465C-8379-7DA38F9A6F4A}.Debug|Any CPU.Build.0 = Debug|Any CPU
		{5A379E9E-4242-465C-8379-7DA38F9A6F4A}.Release|Any CPU.ActiveCfg = Release|Any CPU
		{5A379E9E-4242-465C-8379-7DA38F9A6F4A}.Release|Any CPU.Build.0 = Release|Any CPU
		{5EEDFBF9-9C2A-4D75-BB1B-38ACAC260679}.Debug|Any CPU.ActiveCfg = Debug|Any CPU
		{5EEDFBF9-9C2A-4D75-BB1B-38ACAC260679}.Debug|Any CPU.Build.0 = Debug|Any CPU
		{5EEDFBF9-9C2A-4D75-BB1B-38ACAC260679}.Release|Any CPU.ActiveCfg = Release|Any CPU
		{5EEDFBF9-9C2A-4D75-BB1B-38ACAC260679}.Release|Any CPU.Build.0 = Release|Any CPU
		{5372E597-7231-4F13-B214-1BAC02A9EFE6}.Debug|Any CPU.ActiveCfg = Debug|Any CPU
		{5372E597-7231-4F13-B214-1BAC02A9EFE6}.Debug|Any CPU.Build.0 = Debug|Any CPU
		{5372E597-7231-4F13-B214-1BAC02A9EFE6}.Release|Any CPU.ActiveCfg = Release|Any CPU
		{5372E597-7231-4F13-B214-1BAC02A9EFE6}.Release|Any CPU.Build.0 = Release|Any CPU
	EndGlobalSection
	GlobalSection(SolutionProperties) = preSolution
		HideSolutionNode = FALSE
	EndGlobalSection
	GlobalSection(NestedProjects) = preSolution
		{87143195-7AB5-4AE6-8880-97009F1E554F} = {238D6227-0E2A-4485-927B-261AA41608EF}
		{D97CF6D2-D9E0-4DF7-9338-C1B38AF5BD72} = {238D6227-0E2A-4485-927B-261AA41608EF}
		{65DBF1FE-9392-4F0C-B323-DBA9EC121370} = {238D6227-0E2A-4485-927B-261AA41608EF}
		{EF200DE1-473C-454A-929B-EB133D95467F} = {238D6227-0E2A-4485-927B-261AA41608EF}
		{238D6227-0E2A-4485-927B-261AA41608EF} = {0F618033-E813-40B0-BAD5-42E4C4B60727}
		{CA97FC41-F06A-4442-AA67-DFD6CAD8051A} = {D327FBE7-F4C3-4759-8301-03B7DC129BA7}
		{24C3C85D-2C02-4D52-9B3F-E8193C54370B} = {CA97FC41-F06A-4442-AA67-DFD6CAD8051A}
		{3146078F-9A3D-488D-8AB6-7BEDD3BB0700} = {CA97FC41-F06A-4442-AA67-DFD6CAD8051A}
		{E60B4695-0D98-4011-9144-116724E37831} = {CA97FC41-F06A-4442-AA67-DFD6CAD8051A}
		{E25FE221-E037-48EB-8E3D-F9D68B84B703} = {0F618033-E813-40B0-BAD5-42E4C4B60727}
		{531B6868-44F8-49CF-A146-B63350C4F412} = {E25FE221-E037-48EB-8E3D-F9D68B84B703}
		{93016C78-5133-49C3-8D5B-0C37E76C54FB} = {E25FE221-E037-48EB-8E3D-F9D68B84B703}
		{53655149-EC91-4F8B-A5C8-2457533125BD} = {E25FE221-E037-48EB-8E3D-F9D68B84B703}
		{5A379E9E-4242-465C-8379-7DA38F9A6F4A} = {E25FE221-E037-48EB-8E3D-F9D68B84B703}
		{5EEDFBF9-9C2A-4D75-BB1B-38ACAC260679} = {E25FE221-E037-48EB-8E3D-F9D68B84B703}
		{5372E597-7231-4F13-B214-1BAC02A9EFE6} = {238D6227-0E2A-4485-927B-261AA41608EF}
	EndGlobalSection
	GlobalSection(ExtensibilityGlobals) = postSolution
		SolutionGuid = {E62B526D-06A8-44AF-A9F5-CD88B73CCC17}
	EndGlobalSection
EndGlobal
